
Microsoft Visual Studio Solution File, Format Version 12.00
# Visual Studio 15
VisualStudioVersion = 15.0.27004.2002
MinimumVisualStudioVersion = 10.0.40219.1
Project("{FAE04EC0-301F-11D3-BF4B-00C04F79EFBC}") = "SingleTonExample", "SingleTonExample\SingleTonExample.csproj", "{F979BA32-D103-4CFB-A0A1-64011532A9DC}"
EndProject
Global
	GlobalSection(SolutionConfigurationPlatforms) = preSolution
		Debug|Any CPU = Debug|Any CPU
		Release|Any CPU = Release|Any CPU
	EndGlobalSection
	GlobalSection(ProjectConfigurationPlatforms) = postSolution
		{F979BA32-D103-4CFB-A0A1-64011532A9DC}.Debug|Any CPU.ActiveCfg = Debug|Any CPU
		{F979BA32-D103-4CFB-A0A1-64011532A9DC}.Debug|Any CPU.Build.0 = Debug|Any CPU
		{F979BA32-D103-4CFB-A0A1-64011532A9DC}.Release|Any CPU.ActiveCfg = Release|Any CPU
		{F979BA32-D103-4CFB-A0A1-64011532A9DC}.Release|Any CPU.Build.0 = Release|Any CPU
	EndGlobalSection
	GlobalSection(SolutionProperties) = preSolution
		HideSolutionNode = FALSE
	EndGlobalSection
	GlobalSection(ExtensibilityGlobals) = postSolution
		SolutionGuid = {1D7BB95F-372E-4087-BD57-7839826BE3EE}
	EndGlobalSection
EndGlobal
